# THIS IS AN AUTOGENERATED FILE. DO NOT EDIT THIS FILE DIRECTLY.
# yarn lockfile v1


"@rescript/react@^0.10.3":
  version "0.10.3"
  resolved "https://registry.npmjs.org/@rescript/react/-/react-0.10.3.tgz"
  integrity sha512-Lf9rzrR3bQPKJjOK3PBRa/B3xrJ7CqQ1HYr9VHPVxJidarIJJFZBhj0Dg1uZURX+Wg/xiP0PHFxXmdj2bK8Vxw==

bs-fetch@^0.6.2:
  version "0.6.2"
  resolved "https://registry.yarnpkg.com/bs-fetch/-/bs-fetch-0.6.2.tgz#37d982e9f79b9bc44c23e87ae78ccbee1f869adf"
  integrity sha512-VXEjp8kY3vHPckaoy3d96Bx0KYjJAPLNISBwfpwMN26K6DtuZYwI2HKhx7zeHBajz1bRArfx7O8OOLcdtujMvg==

bs-webapi@^0.19.1:
  version "0.19.1"
  resolved "https://registry.yarnpkg.com/bs-webapi/-/bs-webapi-0.19.1.tgz#cae7d65fc43795376becc44b56f46d85e5b8e878"
  integrity sha512-sRhkNdHFBxzoiLH+r8rhlW9XSafBbbGCkvsxtTJ1QMABEaHKj8TejwA7TuBZH2ZYL2ur3sk291ukkge5qFm3Uw==
  dependencies:
    bs-fetch "^0.6.2"

esbuild@^0.12.18:
  version "0.12.18"
  resolved "https://registry.npmjs.org/esbuild/-/esbuild-0.12.18.tgz"
  integrity sha512-arWhBQSy+oiBAp8VRRCFvAU+3jyf0gGacABLO3haMHboXCDjzq4WUqyQklst2XRuFS8MXgap+9uvODqj9Iygpg==

esy@^0.6.11:
  version "0.6.11"
  resolved "https://registry.npmjs.org/esy/-/esy-0.6.11.tgz"
  integrity sha512-LyrQWS/c7FYwjmgSlmYcj7w7as40iVuF6aCSHKMAZq1xgmdpjorQ7OEqg35ZUf8+xpUgKnDx4HrA3scdnfRTnA==

"js-tokens@^3.0.0 || ^4.0.0":
  version "4.0.0"
  resolved "https://registry.npmjs.org/js-tokens/-/js-tokens-4.0.0.tgz"
  integrity sha512-RdJUflcE3cUzKiMqQgsCu06FPu9UdIJO0beYbPhHN4k6apgJtifcoCtT9bcxOpYBtpD2kCM6Sbzg4CausW/PKQ==

loose-envify@^1.1.0:
  version "1.4.0"
  resolved "https://registry.npmjs.org/loose-envify/-/loose-envify-1.4.0.tgz"
  integrity sha512-lyuxPGr/Wfhrlem2CL/UcnUc1zcqKAImBDzukY7Y5F/yQiNdko6+fRLevlw1HgMySw7f611UIY408EtxRSoK3Q==
  dependencies:
    js-tokens "^3.0.0 || ^4.0.0"

object-assign@^4.1.1:
  version "4.1.1"
  resolved "https://registry.npmjs.org/object-assign/-/object-assign-4.1.1.tgz"
  integrity sha1-IQmtx5ZYh8/AXLvUQsrIv7s2CGM=

re-dnd@^4.0.0-beta.1:
  version "4.0.0-beta.1"
  resolved "https://registry.yarnpkg.com/re-dnd/-/re-dnd-4.0.0-beta.1.tgz#554e8628d9d261fc129e14a2ae55c469c718b0b5"
  integrity sha512-BYtfw9EPLnD18BCfj7VUhoEqjWUWLN7/jA2kB6nXYBlnU9rnd2A6eVQTn221trLOrBoPDoGZXOIuw4z+TNWJ+w==
  dependencies:
    res-logger "2.0.0-beta.2"

react-dom@^17.0.2:
  version "17.0.2"
  resolved "https://registry.npmjs.org/react-dom/-/react-dom-17.0.2.tgz"
  integrity sha512-s4h96KtLDUQlsENhMn1ar8t2bEa+q/YAtj8pPPdIjPDGBDIVNsrD9aXNWqspUe6AzKCIG0C1HZZLqLV7qpOBGA==
  dependencies:
    loose-envify "^1.1.0"
    object-assign "^4.1.1"
    scheduler "^0.20.2"

react@^17.0.2:
  version "17.0.2"
  resolved "https://registry.npmjs.org/react/-/react-17.0.2.tgz"
  integrity sha512-gnhPt75i/dq/z3/6q/0asP78D0u592D5L1pd7M8P+dck6Fu/jJeL6iVVK23fptSUZj8Vjf++7wXA8UNclGQcbA==
  dependencies:
    loose-envify "^1.1.0"
    object-assign "^4.1.1"

res-logger@2.0.0-beta.2:
  version "2.0.0-beta.2"
  resolved "https://registry.yarnpkg.com/res-logger/-/res-logger-2.0.0-beta.2.tgz#1a8428cf5c9de839f5c34652c15921dd2e695531"
  integrity sha512-UZrgEOhFLkQ1a510C7Dwf/fPnEb9KOIP2MGjj3I+oMFLtO/7TzbM8KgdPAJxS3E5sumOdw57GaybO1dAfyUx4w==

rescript@^9.1.4:
  version "9.1.4"
  resolved "https://registry.npmjs.org/rescript/-/rescript-9.1.4.tgz"
  integrity sha512-aXANK4IqecJzdnDpJUsU6pxMViCR5ogAxzuqS0mOr8TloMnzAjJFu63fjD6LCkWrKAhlMkFFzQvVQYaAaVkFXw==

scheduler@^0.20.2:
  version "0.20.2"
  resolved "https://registry.npmjs.org/scheduler/-/scheduler-0.20.2.tgz"
  integrity sha512-2eWfGgAqqWFGqtdMmcL5zCMK1U8KlXv8SQFGglL3CEtd0aDVDWgeF/YoCmvln55m5zSk3J/20hTaSBeSObsQDQ==
  dependencies:
    loose-envify "^1.1.0"
    object-assign "^4.1.1"
